// !$*UTF8*$!
{
	archiveVersion = 1;
	classes = {
	};
	objectVersion = 56;
	objects = {

/* Begin PBXBuildFile section */
		29708E402AF9BECF005B44AA /* AppDelegate.swift in Sources */ = {isa = PBXBuildFile; fileRef = 29708E3F2AF9BECF005B44AA /* AppDelegate.swift */; };
		29708E422AF9BECF005B44AA /* SceneDelegate.swift in Sources */ = {isa = PBXBuildFile; fileRef = 29708E412AF9BECF005B44AA /* SceneDelegate.swift */; };
		29708E442AF9BECF005B44AA /* ViewController.swift in Sources */ = {isa = PBXBuildFile; fileRef = 29708E432AF9BECF005B44AA /* ViewController.swift */; };
		29708E472AF9BECF005B44AA /* Main.storyboard in Resources */ = {isa = PBXBuildFile; fileRef = 29708E452AF9BECF005B44AA /* Main.storyboard */; };
		29708E492AF9BED0005B44AA /* Assets.xcassets in Resources */ = {isa = PBXBuildFile; fileRef = 29708E482AF9BED0005B44AA /* Assets.xcassets */; };
		29708E4C2AF9BED0005B44AA /* LaunchScreen.storyboard in Resources */ = {isa = PBXBuildFile; fileRef = 29708E4A2AF9BED0005B44AA /* LaunchScreen.storyboard */; };
		29708E542AF9C679005B44AA /* MysticMarkTool.swift in Sources */ = {isa = PBXBuildFile; fileRef = 29708E532AF9C679005B44AA /* MysticMarkTool.swift */; };
/* End PBXBuildFile section */

/* Begin PBXFileReference section */
		29708E3C2AF9BECF005B44AA /* MysticMark.app */ = {isa = PBXFileReference; explicitFileType = wrapper.application; includeInIndex = 0; path = MysticMark.app; sourceTree = BUILT_PRODUCTS_DIR; };
		29708E3F2AF9BECF005B44AA /* AppDelegate.swift */ = {isa = PBXFileReference; lastKnownFileType = sourcecode.swift; path = AppDelegate.swift; sourceTree = "<group>"; };
		29708E412AF9BECF005B44AA /* SceneDelegate.swift */ = {isa = PBXFileReference; lastKnownFileType = sourcecode.swift; path = SceneDelegate.swift; sourceTree = "<group>"; };
		29708E432AF9BECF005B44AA /* ViewController.swift */ = {isa = PBXFileReference; lastKnownFileType = sourcecode.swift; path = ViewController.swift; sourceTree = "<group>"; };
		29708E462AF9BECF005B44AA /* Base */ = {isa = PBXFileReference; lastKnownFileType = file.storyboard; name = Base; path = Base.lproj/Main.storyboard; sourceTree = "<group>"; };
		29708E482AF9BED0005B44AA /* Assets.xcassets */ = {isa = PBXFileReference; lastKnownFileType = folder.assetcatalog; path = Assets.xcassets; sourceTree = "<group>"; };
		29708E4B2AF9BED0005B44AA /* Base */ = {isa = PBXFileReference; lastKnownFileType = file.storyboard; name = Base; path = Base.lproj/LaunchScreen.storyboard; sourceTree = "<group>"; };
		29708E4D2AF9BED0005B44AA /* Info.plist */ = {isa = PBXFileReference; lastKnownFileType = text.plist.xml; path = Info.plist; sourceTree = "<group>"; };
		29708E532AF9C679005B44AA /* MysticMarkTool.swift */ = {isa = PBXFileReference; lastKnownFileType = sourcecode.swift; path = MysticMarkTool.swift; sourceTree = "<group>"; };
/* End PBXFileReference section */

/* Begin PBXFrameworksBuildPhase section */
		29708E392AF9BECF005B44AA /* Frameworks */ = {
			isa = PBXFrameworksBuildPhase;
			buildActionMask = 2147483647;
			files = (
			);
			runOnlyForDeploymentPostprocessing = 0;
		};
/* End PBXFrameworksBuildPhase section */

/* Begin PBXGroup section */
		29708E332AF9BECF005B44AA = {
			isa = PBXGroup;
			children = (
				29708E3E2AF9BECF005B44AA /* MysticMark */,
				29708E3D2AF9BECF005B44AA /* Products */,
			);
			sourceTree = "<group>";
		};
		29708E3D2AF9BECF005B44AA /* Products */ = {
			isa = PBXGroup;
			children = (
				29708E3C2AF9BECF005B44AA /* MysticMark.app */,
			);
			name = Products;
			sourceTree = "<group>";
		};
		29708E3E2AF9BECF005B44AA /* MysticMark */ = {
			isa = PBXGroup;
			children = (
				29708E3F2AF9BECF005B44AA /* AppDelegate.swift */,
				29708E412AF9BECF005B44AA /* SceneDelegate.swift */,
				29708E432AF9BECF005B44AA /* ViewController.swift */,
				29708E532AF9C679005B44AA /* MysticMarkTool.swift */,
				29708E452AF9BECF005B44AA /* Main.storyboard */,
				29708E482AF9BED0005B44AA /* Assets.xcassets */,
				29708E4A2AF9BED0005B44AA /* LaunchScreen.storyboard */,
				29708E4D2AF9BED0005B44AA /* Info.plist */,
			);
			path = MysticMark;
			sourceTree = "<group>";
		};
/* End PBXGroup section */

/* Begin PBXNativeTarget section */
		29708E3B2AF9BECF005B44AA /* MysticMark */ = {
			isa = PBXNativeTarget;
			buildConfigurationList = 29708E502AF9BED0005B44AA /* Build configuration list for PBXNativeTarget "MysticMark" */;
			buildPhases = (
				29708E382AF9BECF005B44AA /* Sources */,
				29708E392AF9BECF005B44AA /* Frameworks */,
				29708E3A2AF9BECF005B44AA /* Resources */,
			);
			buildRules = (
			);
			dependencies = (
			);
			name = MysticMark;
			productName = MysticMark;
			productReference = 29708E3C2AF9BECF005B44AA /* MysticMark.app */;
			productType = "com.apple.product-type.application";
		};
/* End PBXNativeTarget section */

/* Begin PBXProject section */
		29708E342AF9BECF005B44AA /* Project object */ = {
			isa = PBXProject;
			attributes = {
				BuildIndependentTargetsInParallel = 1;
				LastSwiftUpdateCheck = 1500;
				LastUpgradeCheck = 1500;
				TargetAttributes = {
					29708E3B2AF9BECF005B44AA = {
						CreatedOnToolsVersion = 15.0;
					};
				};
			};
			buildConfigurationList = 29708E372AF9BECF005B44AA /* Build configuration list for PBXProject "MysticMark" */;
			compatibilityVersion = "Xcode 14.0";
			developmentRegion = en;
			hasScannedForEncodings = 0;
			knownRegions = (
				en,
				Base,
			);
			mainGroup = 29708E332AF9BECF005B44AA;
			productRefGroup = 29708E3D2AF9BECF005B44AA /* Products */;
			projectDirPath = "";
			projectRoot = "";
			targets = (
				29708E3B2AF9BECF005B44AA /* MysticMark */,
			);
		};
/* End PBXProject section */

/* Begin PBXResourcesBuildPhase section */
		29708E3A2AF9BECF005B44AA /* Resources */ = {
			isa = PBXResourcesBuildPhase;
			buildActionMask = 2147483647;
			files = (
				29708E4C2AF9BED0005B44AA /* LaunchScreen.storyboard in Resources */,
				29708E492AF9BED0005B44AA /* Assets.xcassets in Resources */,
				29708E472AF9BECF005B44AA /* Main.storyboard in Resources */,
			);
			runOnlyForDeploymentPostprocessing = 0;
		};
/* End PBXResourcesBuildPhase section */

/* Begin PBXSourcesBuildPhase section */
		29708E382AF9BECF005B44AA /* Sources */ = {
			isa = PBXSourcesBuildPhase;
			buildActionMask = 2147483647;
			files = (
				29708E442AF9BECF005B44AA /* ViewController.swift in Sources */,
				29708E542AF9C679005B44AA /* MysticMarkTool.swift in Sources */,
				29708E402AF9BECF005B44AA /* AppDelegate.swift in Sources */,
				29708E422AF9BECF005B44AA /* SceneDelegate.swift in Sources */,
			);
			runOnlyForDeploymentPostprocessing = 0;
		};
/* End PBXSourcesBuildPhase section */

/* Begin PBXVariantGroup section */
		29708E452AF9BECF005B44AA /* Main.storyboard */ = {
			isa = PBXVariantGroup;
			children = (
				29708E462AF9BECF005B44AA /* Base */,
			);
			name = Main.storyboard;
			sourceTree = "<group>";
		};
		29708E4A2AF9BED0005B44AA /* LaunchScreen.storyboard */ = {
			isa = PBXVariantGroup;
			children = (
				29708E4B2AF9BED0005B44AA /* Base */,
			);
			name = LaunchScreen.storyboard;
			sourceTree = "<group>";
		};
/* End PBXVariantGroup section */

/* Begin XCBuildConfiguration section */
		29708E4E2AF9BED0005B44AA /* Debug */ = {
			isa = XCBuildConfiguration;
			buildSettings = {
				ALWAYS_SEARCH_USER_PATHS = NO;
				ASSETCATALOG_COMPILER_GENERATE_SWIFT_ASSET_SYMBOL_EXTENSIONS = YES;
				CLANG_ANALYZER_NONNULL = YES;
				CLANG_ANALYZER_NUMBER_OBJECT_CONVERSION = YES_AGGRESSIVE;
				CLANG_CXX_LANGUAGE_STANDARD = "gnu++20";
				CLANG_ENABLE_MODULES = YES;
				CLANG_ENABLE_OBJC_ARC = YES;
				CLANG_ENABLE_OBJC_WEAK = YES;
				CLANG_WARN_BLOCK_CAPTURE_AUTORELEASING = YES;
				CLANG_WARN_BOOL_CONVERSION = YES;
				CLANG_WARN_COMMA = YES;
				CLANG_WARN_CONSTANT_CONVERSION = YES;
				CLANG_WARN_DEPRECATED_OBJC_IMPLEMENTATIONS = YES;
				CLANG_WARN_DIRECT_OBJC_ISA_USAGE = YES_ERROR;
				CLANG_WARN_DOCUMENTATION_COMMENTS = YES;
				CLANG_WARN_EMPTY_BODY = YES;
				CLANG_WARN_ENUM_CONVERSION = YES;
				CLANG_WARN_INFINITE_RECURSION = YES;
				CLANG_WARN_INT_CONVERSION = YES;
				CLANG_WARN_NON_LITERAL_NULL_CONVERSION = YES;
				CLANG_WARN_OBJC_IMPLICIT_RETAIN_SELF = YES;
				CLANG_WARN_OBJC_LITERAL_CONVERSION = YES;
				CLANG_WARN_OBJC_ROOT_CLASS = YES_ERROR;
				CLANG_WARN_QUOTED_INCLUDE_IN_FRAMEWORK_HEADER = YES;
				CLANG_WARN_RANGE_LOOP_ANALYSIS = YES;
				CLANG_WARN_STRICT_PROTOTYPES = YES;
				CLANG_WARN_SUSPICIOUS_MOVE = YES;
				CLANG_WARN_UNGUARDED_AVAILABILITY = YES_AGGRESSIVE;
				CLANG_WARN_UNREACHABLE_CODE = YES;
				CLANG_WARN__DUPLICATE_METHOD_MATCH = YES;
				COPY_PHASE_STRIP = NO;
				DEBUG_INFORMATION_FORMAT = dwarf;
				ENABLE_STRICT_OBJC_MSGSEND = YES;
				ENABLE_TESTABILITY = YES;
				ENABLE_USER_SCRIPT_SANDBOXING = YES;
				GCC_C_LANGUAGE_STANDARD = gnu17;
				GCC_DYNAMIC_NO_PIC = NO;
				GCC_NO_COMMON_BLOCKS = YES;
				GCC_OPTIMIZATION_LEVEL = 0;
				GCC_PREPROCESSOR_DEFINITIONS = (
					"DEBUG=1",
					"$(inherited)",
				);
				GCC_WARN_64_TO_32_BIT_CONVERSION = YES;
				GCC_WARN_ABOUT_RETURN_TYPE = YES_ERROR;
				GCC_WARN_UNDECLARED_SELECTOR = YES;
				GCC_WARN_UNINITIALIZED_AUTOS = YES_AGGRESSIVE;
				GCC_WARN_UNUSED_FUNCTION = YES;
				GCC_WARN_UNUSED_VARIABLE = YES;
				IPHONEOS_DEPLOYMENT_TARGET = 17.0;
				LOCALIZATION_PREFERS_STRING_CATALOGS = YES;
				MTL_ENABLE_DEBUG_INFO = INCLUDE_SOURCE;
				MTL_FAST_MATH = YES;
				ONLY_ACTIVE_ARCH = YES;
				SDKROOT = iphoneos;
				SWIFT_ACTIVE_COMPILATION_CONDITIONS = "DEBUG $(inherited)";
				SWIFT_OPTIMIZATION_LEVEL = "-Onone";
			};
			name = Debug;
		};
		29708E4F2AF9BED0005B44AA /* Release */ = {
			isa = XCBuildConfiguration;
			buildSettings = {
				ALWAYS_SEARCH_USER_PATHS = NO;
				ASSETCATALOG_COMPILER_GENERATE_SWIFT_ASSET_SYMBOL_EXTENSIONS = YES;
				CLANG_ANALYZER_NONNULL = YES;
				CLANG_ANALYZER_NUMBER_OBJECT_CONVERSION = YES_AGGRESSIVE;
				CLANG_CXX_LANGUAGE_STANDARD = "gnu++20";
				CLANG_ENABLE_MODULES = YES;
				CLANG_ENABLE_OBJC_ARC = YES;
				CLANG_ENABLE_OBJC_WEAK = YES;
				CLANG_WARN_BLOCK_CAPTURE_AUTORELEASING = YES;
				CLANG_WARN_BOOL_CONVERSION = YES;
				CLANG_WARN_COMMA = YES;
				CLANG_WARN_CONSTANT_CONVERSION = YES;
				CLANG_WARN_DEPRECATED_OBJC_IMPLEMENTATIONS = YES;
				CLANG_WARN_DIRECT_OBJC_ISA_USAGE = YES_ERROR;
				CLANG_WARN_DOCUMENTATION_COMMENTS = YES;
				CLANG_WARN_EMPTY_BODY = YES;
				CLANG_WARN_ENUM_CONVERSION = YES;
				CLANG_WARN_INFINITE_RECURSION = YES;
				CLANG_WARN_INT_CONVERSION = YES;
				CLANG_WARN_NON_LITERAL_NULL_CONVERSION = YES;
				CLANG_WARN_OBJC_IMPLICIT_RETAIN_SELF = YES;
				CLANG_WARN_OBJC_LITERAL_CONVERSION = YES;
				CLANG_WARN_OBJC_ROOT_CLASS = YES_ERROR;
				CLANG_WARN_QUOTED_INCLUDE_IN_FRAMEWORK_HEADER = YES;
				CLANG_WARN_RANGE_LOOP_ANALYSIS = YES;
				CLANG_WARN_STRICT_PROTOTYPES = YES;
				CLANG_WARN_SUSPICIOUS_MOVE = YES;
				CLANG_WARN_UNGUARDED_AVAILABILITY = YES_AGGRESSIVE;
				CLANG_WARN_UNREACHABLE_CODE = YES;
				CLANG_WARN__DUPLICATE_METHOD_MATCH = YES;
				COPY_PHASE_STRIP = NO;
				DEBUG_INFORMATION_FORMAT = "dwarf-with-dsym";
				ENABLE_NS_ASSERTIONS = NO;
				ENABLE_STRICT_OBJC_MSGSEND = YES;
				ENABLE_USER_SCRIPT_SANDBOXING = YES;
				GCC_C_LANGUAGE_STANDARD = gnu17;
				GCC_NO_COMMON_BLOCKS = YES;
				GCC_WARN_64_TO_32_BIT_CONVERSION = YES;
				GCC_WARN_ABOUT_RETURN_TYPE = YES_ERROR;
				GCC_WARN_UNDECLARED_SELECTOR = YES;
				GCC_WARN_UNINITIALIZED_AUTOS = YES_AGGRESSIVE;
				GCC_WARN_UNUSED_FUNCTION = YES;
				GCC_WARN_UNUSED_VARIABLE = YES;
				IPHONEOS_DEPLOYMENT_TARGET = 17.0;
				LOCALIZATION_PREFERS_STRING_CATALOGS = YES;
				MTL_ENABLE_DEBUG_INFO = NO;
				MTL_FAST_MATH = YES;
				SDKROOT = iphoneos;
				SWIFT_COMPILATION_MODE = wholemodule;
				VALIDATE_PRODUCT = YES;
			};
			name = Release;
		};
		29708E512AF9BED0005B44AA /* Debug */ = {
			isa = XCBuildConfiguration;
			buildSettings = {
				ASSETCATALOG_COMPILER_APPICON_NAME = AppIcon;
				ASSETCATALOG_COMPILER_GLOBAL_ACCENT_COLOR_NAME = AccentColor;
				CODE_SIGN_STYLE = Automatic;
				CURRENT_PROJECT_VERSION = 1;
				GENERATE_INFOPLIST_FILE = YES;
				INFOPLIST_FILE = MysticMark/Info.plist;
				INFOPLIST_KEY_NSCameraUsageDescription = "是否允许此APP使用相机，以便拍摄照片上传头像等？";
				INFOPLIST_KEY_NSPhotoLibraryAddUsageDescription = "保存图片需要写入你的相册";
				INFOPLIST_KEY_UIApplicationSupportsIndirectInputEvents = YES;
				INFOPLIST_KEY_UILaunchStoryboardName = LaunchScreen;
				INFOPLIST_KEY_UIMainStoryboardFile = Main;
				INFOPLIST_KEY_UISupportedInterfaceOrientations_iPad = "UIInterfaceOrientationPortrait UIInterfaceOrientationPortraitUpsideDown UIInterfaceOrientationLandscapeLeft UIInterfaceOrientationLandscapeRight";
				INFOPLIST_KEY_UISupportedInterfaceOrientations_iPhone = "UIInterfaceOrientationPortrait UIInterfaceOrientationLandscapeLeft UIInterfaceOrientationLandscapeRight";
				LD_RUNPATH_SEARCH_PATHS = (
					"$(inherited)",
					"@executable_path/Frameworks",
				);
				MARKETING_VERSION = 1.0;
				PRODUCT_BUNDLE_IDENTIFIER = com.wk.MysticMark;
				PRODUCT_NAME = "$(TARGET_NAME)";
				SWIFT_EMIT_LOC_STRINGS = YES;
				SWIFT_VERSION = 5.0;
				TARGETED_DEVICE_FAMILY = "1,2";
			};
			name = Debug;
		};
		29708E522AF9BED0005B44AA /* Release */ = {
			isa = XCBuildConfiguration;
			buildSettings = {
				ASSETCATALOG_COMPILER_APPICON_NAME = AppIcon;
				ASSETCATALOG_COMPILER_GLOBAL_ACCENT_COLOR_NAME = AccentColor;
				CODE_SIGN_STYLE = Automatic;
				CURRENT_PROJECT_VERSION = 1;
				GENERATE_INFOPLIST_FILE = YES;
				INFOPLIST_FILE = MysticMark/Info.plist;
				INFOPLIST_KEY_NSCameraUsageDescription = "是否允许此APP使用相机，以便拍摄照片上传头像等？";
				INFOPLIST_KEY_NSPhotoLibraryAddUsageDescription = "保存图片需要写入你的相册";
				INFOPLIST_KEY_UIApplicationSupportsIndirectInputEvents = YES;
				INFOPLIST_KEY_UILaunchStoryboardName = LaunchScreen;
				INFOPLIST_KEY_UIMainStoryboardFile = Main;
				INFOPLIST_KEY_UISupportedInterfaceOrientations_iPad = "UIInterfaceOrientationPortrait UIInterfaceOrientationPortraitUpsideDown UIInterfaceOrientationLandscapeLeft UIInterfaceOrientationLandscapeRight";
				INFOPLIST_KEY_UISupportedInterfaceOrientations_iPhone = "UIInterfaceOrientationPortrait UIInterfaceOrientationLandscapeLeft UIInterfaceOrientationLandscapeRight";
				LD_RUNPATH_SEARCH_PATHS = (
					"$(inherited)",
					"@executable_path/Frameworks",
				);
				MARKETING_VERSION = 1.0;
				PRODUCT_BUNDLE_IDENTIFIER = com.wk.MysticMark;
				PRODUCT_NAME = "$(TARGET_NAME)";
				SWIFT_EMIT_LOC_STRINGS = YES;
				SWIFT_VERSION = 5.0;
				TARGETED_DEVICE_FAMILY = "1,2";
			};
			name = Release;
		};
/* End XCBuildConfiguration section */

/* Begin XCConfigurationList section */
		29708E372AF9BECF005B44AA /* Build configuration list for PBXProject "MysticMark" */ = {
			isa = XCConfigurationList;
			buildConfigurations = (
				29708E4E2AF9BED0005B44AA /* Debug */,
				29708E4F2AF9BED0005B44AA /* Release */,
			);
			defaultConfigurationIsVisible = 0;
			defaultConfigurationName = Release;
		};
		29708E502AF9BED0005B44AA /* Build configuration list for PBXNativeTarget "MysticMark" */ = {
			isa = XCConfigurationList;
			buildConfigurations = (
				29708E512AF9BED0005B44AA /* Debug */,
				29708E522AF9BED0005B44AA /* Release */,
			);
			defaultConfigurationIsVisible = 0;
			defaultConfigurationName = Release;
		};
/* End XCConfigurationList section */
	};
	rootObject = 29708E342AF9BECF005B44AA /* Project object */;
}
